// !$*UTF8*$!
{
	archiveVersion = 1;
	classes = {
	};
	objectVersion = 46;
	objects = {

/* Begin PBXBuildFile section */
		5159DD371B1D3EF800C64AA0 /* AppDelegate.swift in Sources */ = {isa = PBXBuildFile; fileRef = 5159DD361B1D3EF800C64AA0 /* AppDelegate.swift */; };
		5159DD391B1D3EF800C64AA0 /* GameScene.sks in Resources */ = {isa = PBXBuildFile; fileRef = 5159DD381B1D3EF800C64AA0 /* GameScene.sks */; };
		5159DD3B1B1D3EF800C64AA0 /* GameScene.swift in Sources */ = {isa = PBXBuildFile; fileRef = 5159DD3A1B1D3EF800C64AA0 /* GameScene.swift */; };
		5159DD3D1B1D3EF800C64AA0 /* GameViewController.swift in Sources */ = {isa = PBXBuildFile; fileRef = 5159DD3C1B1D3EF800C64AA0 /* GameViewController.swift */; };
		5159DD401B1D3EF800C64AA0 /* Main.storyboard in Resources */ = {isa = PBXBuildFile; fileRef = 5159DD3E1B1D3EF800C64AA0 /* Main.storyboard */; };
		5159DD421B1D3EF800C64AA0 /* Images.xcassets in Resources */ = {isa = PBXBuildFile; fileRef = 5159DD411B1D3EF800C64AA0 /* Images.xcassets */; };
		5159DD451B1D3EF800C64AA0 /* LaunchScreen.xib in Resources */ = {isa = PBXBuildFile; fileRef = 5159DD431B1D3EF800C64AA0 /* LaunchScreen.xib */; };
		5159DD511B1D3EF800C64AA0 /* towerGameTests.swift in Sources */ = {isa = PBXBuildFile; fileRef = 5159DD501B1D3EF800C64AA0 /* towerGameTests.swift */; };
		5159DD5B1B1D429300C64AA0 /* UIController.swift in Sources */ = {isa = PBXBuildFile; fileRef = 5159DD5A1B1D429300C64AA0 /* UIController.swift */; };
		5159DD5D1B1D473800C64AA0 /* AllDataStruct.swift in Sources */ = {isa = PBXBuildFile; fileRef = 5159DD5C1B1D473800C64AA0 /* AllDataStruct.swift */; };
		5159DD611B1D5C6D00C64AA0 /* EditScene.swift in Sources */ = {isa = PBXBuildFile; fileRef = 5159DD601B1D5C6D00C64AA0 /* EditScene.swift */; };
/* End PBXBuildFile section */

/* Begin PBXContainerItemProxy section */
		5159DD4B1B1D3EF800C64AA0 /* PBXContainerItemProxy */ = {
			isa = PBXContainerItemProxy;
			containerPortal = 5159DD291B1D3EF800C64AA0 /* Project object */;
			proxyType = 1;
			remoteGlobalIDString = 5159DD301B1D3EF800C64AA0;
			remoteInfo = towerGame;
		};
/* End PBXContainerItemProxy section */

/* Begin PBXFileReference section */
		5159DD311B1D3EF800C64AA0 /* towerGame.app */ = {isa = PBXFileReference; explicitFileType = wrapper.application; includeInIndex = 0; path = towerGame.app; sourceTree = BUILT_PRODUCTS_DIR; };
		5159DD351B1D3EF800C64AA0 /* Info.plist */ = {isa = PBXFileReference; lastKnownFileType = text.plist.xml; path = Info.plist; sourceTree = "<group>"; };
		5159DD361B1D3EF800C64AA0 /* AppDelegate.swift */ = {isa = PBXFileReference; lastKnownFileType = sourcecode.swift; path = AppDelegate.swift; sourceTree = "<group>"; };
		5159DD381B1D3EF800C64AA0 /* GameScene.sks */ = {isa = PBXFileReference; lastKnownFileType = file.sks; path = GameScene.sks; sourceTree = "<group>"; };
		5159DD3A1B1D3EF800C64AA0 /* GameScene.swift */ = {isa = PBXFileReference; lastKnownFileType = sourcecode.swift; path = GameScene.swift; sourceTree = "<group>"; };
		5159DD3C1B1D3EF800C64AA0 /* GameViewController.swift */ = {isa = PBXFileReference; lastKnownFileType = sourcecode.swift; path = GameViewController.swift; sourceTree = "<group>"; };
		5159DD3F1B1D3EF800C64AA0 /* Base */ = {isa = PBXFileReference; lastKnownFileType = file.storyboard; name = Base; path = Base.lproj/Main.storyboard; sourceTree = "<group>"; };
		5159DD411B1D3EF800C64AA0 /* Images.xcassets */ = {isa = PBXFileReference; lastKnownFileType = folder.assetcatalog; path = Images.xcassets; sourceTree = "<group>"; };
		5159DD441B1D3EF800C64AA0 /* Base */ = {isa = PBXFileReference; lastKnownFileType = file.xib; name = Base; path = Base.lproj/LaunchScreen.xib; sourceTree = "<group>"; };
		5159DD4A1B1D3EF800C64AA0 /* towerGameTests.xctest */ = {isa = PBXFileReference; explicitFileType = wrapper.cfbundle; includeInIndex = 0; path = towerGameTests.xctest; sourceTree = BUILT_PRODUCTS_DIR; };
		5159DD4F1B1D3EF800C64AA0 /* Info.plist */ = {isa = PBXFileReference; lastKnownFileType = text.plist.xml; path = Info.plist; sourceTree = "<group>"; };
		5159DD501B1D3EF800C64AA0 /* towerGameTests.swift */ = {isa = PBXFileReference; lastKnownFileType = sourcecode.swift; path = towerGameTests.swift; sourceTree = "<group>"; };
		5159DD5A1B1D429300C64AA0 /* UIController.swift */ = {isa = PBXFileReference; fileEncoding = 4; lastKnownFileType = sourcecode.swift; path = UIController.swift; sourceTree = "<group>"; };
		5159DD5C1B1D473800C64AA0 /* AllDataStruct.swift */ = {isa = PBXFileReference; fileEncoding = 4; lastKnownFileType = sourcecode.swift; path = AllDataStruct.swift; sourceTree = "<group>"; };
		5159DD601B1D5C6D00C64AA0 /* EditScene.swift */ = {isa = PBXFileReference; fileEncoding = 4; lastKnownFileType = sourcecode.swift; path = EditScene.swift; sourceTree = "<group>"; };
/* End PBXFileReference section */

/* Begin PBXFrameworksBuildPhase section */
		5159DD2E1B1D3EF800C64AA0 /* Frameworks */ = {
			isa = PBXFrameworksBuildPhase;
			buildActionMask = 2147483647;
			files = (
			);
			runOnlyForDeploymentPostprocessing = 0;
		};
		5159DD471B1D3EF800C64AA0 /* Frameworks */ = {
			isa = PBXFrameworksBuildPhase;
			buildActionMask = 2147483647;
			files = (
			);
			runOnlyForDeploymentPostprocessing = 0;
		};
/* End PBXFrameworksBuildPhase section */

/* Begin PBXGroup section */
		5159DD281B1D3EF800C64AA0 = {
			isa = PBXGroup;
			children = (
				5159DD331B1D3EF800C64AA0 /* towerGame */,
				5159DD4D1B1D3EF800C64AA0 /* towerGameTests */,
				5159DD321B1D3EF800C64AA0 /* Products */,
			);
			sourceTree = "<group>";
		};
		5159DD321B1D3EF800C64AA0 /* Products */ = {
			isa = PBXGroup;
			children = (
				5159DD311B1D3EF800C64AA0 /* towerGame.app */,
				5159DD4A1B1D3EF800C64AA0 /* towerGameTests.xctest */,
			);
			name = Products;
			sourceTree = "<group>";
		};
		5159DD331B1D3EF800C64AA0 /* towerGame */ = {
			isa = PBXGroup;
			children = (
				5159DD641B1D5CF700C64AA0 /* Struct */,
				5159DD631B1D5CE100C64AA0 /* Controller */,
				5159DD621B1D5CAD00C64AA0 /* Scene */,
				5159DD361B1D3EF800C64AA0 /* AppDelegate.swift */,
				5159DD381B1D3EF800C64AA0 /* GameScene.sks */,
				5159DD3E1B1D3EF800C64AA0 /* Main.storyboard */,
				5159DD411B1D3EF800C64AA0 /* Images.xcassets */,
				5159DD431B1D3EF800C64AA0 /* LaunchScreen.xib */,
				5159DD341B1D3EF800C64AA0 /* Supporting Files */,
			);
			path = towerGame;
			sourceTree = "<group>";
		};
		5159DD341B1D3EF800C64AA0 /* Supporting Files */ = {
			isa = PBXGroup;
			children = (
				5159DD351B1D3EF800C64AA0 /* Info.plist */,
			);
			name = "Supporting Files";
			sourceTree = "<group>";
		};
		5159DD4D1B1D3EF800C64AA0 /* towerGameTests */ = {
			isa = PBXGroup;
			children = (
				5159DD501B1D3EF800C64AA0 /* towerGameTests.swift */,
				5159DD4E1B1D3EF800C64AA0 /* Supporting Files */,
			);
			path = towerGameTests;
			sourceTree = "<group>";
		};
		5159DD4E1B1D3EF800C64AA0 /* Supporting Files */ = {
			isa = PBXGroup;
			children = (
				5159DD4F1B1D3EF800C64AA0 /* Info.plist */,
			);
			name = "Supporting Files";
			sourceTree = "<group>";
		};
		5159DD621B1D5CAD00C64AA0 /* Scene */ = {
			isa = PBXGroup;
			children = (
				5159DD3A1B1D3EF800C64AA0 /* GameScene.swift */,
				5159DD601B1D5C6D00C64AA0 /* EditScene.swift */,
			);
			name = Scene;
			sourceTree = "<group>";
		};
		5159DD631B1D5CE100C64AA0 /* Controller */ = {
			isa = PBXGroup;
			children = (
				5159DD5A1B1D429300C64AA0 /* UIController.swift */,
				5159DD3C1B1D3EF800C64AA0 /* GameViewController.swift */,
			);
			name = Controller;
			sourceTree = "<group>";
		};
		5159DD641B1D5CF700C64AA0 /* Struct */ = {
			isa = PBXGroup;
			children = (
				5159DD5C1B1D473800C64AA0 /* AllDataStruct.swift */,
			);
			name = Struct;
			sourceTree = "<group>";
		};
/* End PBXGroup section */

/* Begin PBXNativeTarget section */
		5159DD301B1D3EF800C64AA0 /* towerGame */ = {
			isa = PBXNativeTarget;
			buildConfigurationList = 5159DD541B1D3EF800C64AA0 /* Build configuration list for PBXNativeTarget "towerGame" */;
			buildPhases = (
				5159DD2D1B1D3EF800C64AA0 /* Sources */,
				5159DD2E1B1D3EF800C64AA0 /* Frameworks */,
				5159DD2F1B1D3EF800C64AA0 /* Resources */,
			);
			buildRules = (
			);
			dependencies = (
			);
			name = towerGame;
			productName = towerGame;
			productReference = 5159DD311B1D3EF800C64AA0 /* towerGame.app */;
			productType = "com.apple.product-type.application";
		};
		5159DD491B1D3EF800C64AA0 /* towerGameTests */ = {
			isa = PBXNativeTarget;
			buildConfigurationList = 5159DD571B1D3EF800C64AA0 /* Build configuration list for PBXNativeTarget "towerGameTests" */;
			buildPhases = (
				5159DD461B1D3EF800C64AA0 /* Sources */,
				5159DD471B1D3EF800C64AA0 /* Frameworks */,
				5159DD481B1D3EF800C64AA0 /* Resources */,
			);
			buildRules = (
			);
			dependencies = (
				5159DD4C1B1D3EF800C64AA0 /* PBXTargetDependency */,
			);
			name = towerGameTests;
			productName = towerGameTests;
			productReference = 5159DD4A1B1D3EF800C64AA0 /* towerGameTests.xctest */;
			productType = "com.apple.product-type.bundle.unit-test";
		};
/* End PBXNativeTarget section */

/* Begin PBXProject section */
		5159DD291B1D3EF800C64AA0 /* Project object */ = {
			isa = PBXProject;
			attributes = {
				LastUpgradeCheck = 0630;
				ORGANIZATIONNAME = wuchengfeng;
				TargetAttributes = {
					5159DD301B1D3EF800C64AA0 = {
						CreatedOnToolsVersion = 6.3.1;
					};
					5159DD491B1D3EF800C64AA0 = {
						CreatedOnToolsVersion = 6.3.1;
						TestTargetID = 5159DD301B1D3EF800C64AA0;
					};
				};
			};
			buildConfigurationList = 5159DD2C1B1D3EF800C64AA0 /* Build configuration list for PBXProject "towerGame" */;
			compatibilityVersion = "Xcode 3.2";
			developmentRegion = English;
			hasScannedForEncodings = 0;
			knownRegions = (
				en,
				Base,
			);
			mainGroup = 5159DD281B1D3EF800C64AA0;
			productRefGroup = 5159DD321B1D3EF800C64AA0 /* Products */;
			projectDirPath = "";
			projectRoot = "";
			targets = (
				5159DD301B1D3EF800C64AA0 /* towerGame */,
				5159DD491B1D3EF800C64AA0 /* towerGameTests */,
			);
		};
/* End PBXProject section */

/* Begin PBXResourcesBuildPhase section */
		5159DD2F1B1D3EF800C64AA0 /* Resources */ = {
			isa = PBXResourcesBuildPhase;
			buildActionMask = 2147483647;
			files = (
				5159DD451B1D3EF800C64AA0 /* LaunchScreen.xib in Resources */,
				5159DD421B1D3EF800C64AA0 /* Images.xcassets in Resources */,
				5159DD391B1D3EF800C64AA0 /* GameScene.sks in Resources */,
				5159DD401B1D3EF800C64AA0 /* Main.storyboard in Resources */,
			);
			runOnlyForDeploymentPostprocessing = 0;
		};
		5159DD481B1D3EF800C64AA0 /* Resources */ = {
			isa = PBXResourcesBuildPhase;
			buildActionMask = 2147483647;
			files = (
			);
			runOnlyForDeploymentPostprocessing = 0;
		};
/* End PBXResourcesBuildPhase section */

/* Begin PBXSourcesBuildPhase section */
		5159DD2D1B1D3EF800C64AA0 /* Sources */ = {
			isa = PBXSourcesBuildPhase;
			buildActionMask = 2147483647;
			files = (
				5159DD3B1B1D3EF800C64AA0 /* GameScene.swift in Sources */,
				5159DD5D1B1D473800C64AA0 /* AllDataStruct.swift in Sources */,
				5159DD3D1B1D3EF800C64AA0 /* GameViewController.swift in Sources */,
				5159DD371B1D3EF800C64AA0 /* AppDelegate.swift in Sources */,
				5159DD611B1D5C6D00C64AA0 /* EditScene.swift in Sources */,
				5159DD5B1B1D429300C64AA0 /* UIController.swift in Sources */,
			);
			runOnlyForDeploymentPostprocessing = 0;
		};
		5159DD461B1D3EF800C64AA0 /* Sources */ = {
			isa = PBXSourcesBuildPhase;
			buildActionMask = 2147483647;
			files = (
				5159DD511B1D3EF800C64AA0 /* towerGameTests.swift in Sources */,
			);
			runOnlyForDeploymentPostprocessing = 0;
		};
/* End PBXSourcesBuildPhase section */

/* Begin PBXTargetDependency section */
		5159DD4C1B1D3EF800C64AA0 /* PBXTargetDependency */ = {
			isa = PBXTargetDependency;
			target = 5159DD301B1D3EF800C64AA0 /* towerGame */;
			targetProxy = 5159DD4B1B1D3EF800C64AA0 /* PBXContainerItemProxy */;
		};
/* End PBXTargetDependency section */

/* Begin PBXVariantGroup section */
		5159DD3E1B1D3EF800C64AA0 /* Main.storyboard */ = {
			isa = PBXVariantGroup;
			children = (
				5159DD3F1B1D3EF800C64AA0 /* Base */,
			);
			name = Main.storyboard;
			sourceTree = "<group>";
		};
		5159DD431B1D3EF800C64AA0 /* LaunchScreen.xib */ = {
			isa = PBXVariantGroup;
			children = (
				5159DD441B1D3EF800C64AA0 /* Base */,
			);
			name = LaunchScreen.xib;
			sourceTree = "<group>";
		};
/* End PBXVariantGroup section */

/* Begin XCBuildConfiguration section */
		5159DD521B1D3EF800C64AA0 /* Debug */ = {
			isa = XCBuildConfiguration;
			buildSettings = {
				ALWAYS_SEARCH_USER_PATHS = NO;
				CLANG_CXX_LANGUAGE_STANDARD = "gnu++0x";
				CLANG_CXX_LIBRARY = "libc++";
				CLANG_ENABLE_MODULES = YES;
				CLANG_ENABLE_OBJC_ARC = YES;
				CLANG_WARN_BOOL_CONVERSION = YES;
				CLANG_WARN_CONSTANT_CONVERSION = YES;
				CLANG_WARN_DIRECT_OBJC_ISA_USAGE = YES_ERROR;
				CLANG_WARN_EMPTY_BODY = YES;
				CLANG_WARN_ENUM_CONVERSION = YES;
				CLANG_WARN_INT_CONVERSION = YES;
				CLANG_WARN_OBJC_ROOT_CLASS = YES_ERROR;
				CLANG_WARN_UNREACHABLE_CODE = YES;
				CLANG_WARN__DUPLICATE_METHOD_MATCH = YES;
				"CODE_SIGN_IDENTITY[sdk=iphoneos*]" = "iPhone Developer";
				COPY_PHASE_STRIP = NO;
				DEBUG_INFORMATION_FORMAT = "dwarf-with-dsym";
				ENABLE_STRICT_OBJC_MSGSEND = YES;
				GCC_C_LANGUAGE_STANDARD = gnu99;
				GCC_DYNAMIC_NO_PIC = NO;
				GCC_NO_COMMON_BLOCKS = YES;
				GCC_OPTIMIZATION_LEVEL = 0;
				GCC_PREPROCESSOR_DEFINITIONS = (
					"DEBUG=1",
					"$(inherited)",
				);
				GCC_SYMBOLS_PRIVATE_EXTERN = NO;
				GCC_WARN_64_TO_32_BIT_CONVERSION = YES;
				GCC_WARN_ABOUT_RETURN_TYPE = YES_ERROR;
				GCC_WARN_UNDECLARED_SELECTOR = YES;
				GCC_WARN_UNINITIALIZED_AUTOS = YES_AGGRESSIVE;
				GCC_WARN_UNUSED_FUNCTION = YES;
				GCC_WARN_UNUSED_VARIABLE = YES;
				IPHONEOS_DEPLOYMENT_TARGET = 8.3;
				MTL_ENABLE_DEBUG_INFO = YES;
				ONLY_ACTIVE_ARCH = YES;
				SDKROOT = iphoneos;
				SWIFT_OPTIMIZATION_LEVEL = "-Onone";
				TARGETED_DEVICE_FAMILY = "1,2";
			};
			name = Debug;
		};
		5159DD531B1D3EF800C64AA0 /* Release */ = {
			isa = XCBuildConfiguration;
			buildSettings = {
				ALWAYS_SEARCH_USER_PATHS = NO;
				CLANG_CXX_LANGUAGE_STANDARD = "gnu++0x";
				CLANG_CXX_LIBRARY = "libc++";
				CLANG_ENABLE_MODULES = YES;
				CLANG_ENABLE_OBJC_ARC = YES;
				CLANG_WARN_BOOL_CONVERSION = YES;
				CLANG_WARN_CONSTANT_CONVERSION = YES;
				CLANG_WARN_DIRECT_OBJC_ISA_USAGE = YES_ERROR;
				CLANG_WARN_EMPTY_BODY = YES;
				CLANG_WARN_ENUM_CONVERSION = YES;
				CLANG_WARN_INT_CONVERSION = YES;
				CLANG_WARN_OBJC_ROOT_CLASS = YES_ERROR;
				CLANG_WARN_UNREACHABLE_CODE = YES;
				CLANG_WARN__DUPLICATE_METHOD_MATCH = YES;
				"CODE_SIGN_IDENTITY[sdk=iphoneos*]" = "iPhone Developer";
				COPY_PHASE_STRIP = NO;
				DEBUG_INFORMATION_FORMAT = "dwarf-with-dsym";
				ENABLE_NS_ASSERTIONS = NO;
				ENABLE_STRICT_OBJC_MSGSEND = YES;
				GCC_C_LANGUAGE_STANDARD = gnu99;
				GCC_NO_COMMON_BLOCKS = YES;
				GCC_WARN_64_TO_32_BIT_CONVERSION = YES;
				GCC_WARN_ABOUT_RETURN_TYPE = YES_ERROR;
				GCC_WARN_UNDECLARED_SELECTOR = YES;
				GCC_WARN_UNINITIALIZED_AUTOS = YES_AGGRESSIVE;
				GCC_WARN_UNUSED_FUNCTION = YES;
				GCC_WARN_UNUSED_VARIABLE = YES;
				IPHONEOS_DEPLOYMENT_TARGET = 8.3;
				MTL_ENABLE_DEBUG_INFO = NO;
				SDKROOT = iphoneos;
				TARGETED_DEVICE_FAMILY = "1,2";
				VALIDATE_PRODUCT = YES;
			};
			name = Release;
		};
		5159DD551B1D3EF800C64AA0 /* Debug */ = {
			isa = XCBuildConfiguration;
			buildSettings = {
				ASSETCATALOG_COMPILER_APPICON_NAME = AppIcon;
				INFOPLIST_FILE = towerGame/Info.plist;
				LD_RUNPATH_SEARCH_PATHS = "$(inherited) @executable_path/Frameworks";
				PRODUCT_NAME = "$(TARGET_NAME)";
			};
			name = Debug;
		};
		5159DD561B1D3EF800C64AA0 /* Release */ = {
			isa = XCBuildConfiguration;
			buildSettings = {
				ASSETCATALOG_COMPILER_APPICON_NAME = AppIcon;
				INFOPLIST_FILE = towerGame/Info.plist;
				LD_RUNPATH_SEARCH_PATHS = "$(inherited) @executable_path/Frameworks";
				PRODUCT_NAME = "$(TARGET_NAME)";
			};
			name = Release;
		};
		5159DD581B1D3EF800C64AA0 /* Debug */ = {
			isa = XCBuildConfiguration;
			buildSettings = {
				BUNDLE_LOADER = "$(TEST_HOST)";
				FRAMEWORK_SEARCH_PATHS = (
					"$(SDKROOT)/Developer/Library/Frameworks",
					"$(inherited)",
				);
				GCC_PREPROCESSOR_DEFINITIONS = (
					"DEBUG=1",
					"$(inherited)",
				);
				INFOPLIST_FILE = towerGameTests/Info.plist;
				LD_RUNPATH_SEARCH_PATHS = "$(inherited) @executable_path/Frameworks @loader_path/Frameworks";
				PRODUCT_NAME = "$(TARGET_NAME)";
				TEST_HOST = "$(BUILT_PRODUCTS_DIR)/towerGame.app/towerGame";
			};
			name = Debug;
		};
		5159DD591B1D3EF800C64AA0 /* Release */ = {
			isa = XCBuildConfiguration;
			buildSettings = {
				BUNDLE_LOADER = "$(TEST_HOST)";
				FRAMEWORK_SEARCH_PATHS = (
					"$(SDKROOT)/Developer/Library/Frameworks",
					"$(inherited)",
				);
				INFOPLIST_FILE = towerGameTests/Info.plist;
				LD_RUNPATH_SEARCH_PATHS = "$(inherited) @executable_path/Frameworks @loader_path/Frameworks";
				PRODUCT_NAME = "$(TARGET_NAME)";
				TEST_HOST = "$(BUILT_PRODUCTS_DIR)/towerGame.app/towerGame";
			};
			name = Release;
		};
/* End XCBuildConfiguration section */

/* Begin XCConfigurationList section */
		5159DD2C1B1D3EF800C64AA0 /* Build configuration list for PBXProject "towerGame" */ = {
			isa = XCConfigurationList;
			buildConfigurations = (
				5159DD521B1D3EF800C64AA0 /* Debug */,
				5159DD531B1D3EF800C64AA0 /* Release */,
			);
			defaultConfigurationIsVisible = 0;
			defaultConfigurationName = Release;
		};
		5159DD541B1D3EF800C64AA0 /* Build configuration list for PBXNativeTarget "towerGame" */ = {
			isa = XCConfigurationList;
			buildConfigurations = (
				5159DD551B1D3EF800C64AA0 /* Debug */,
				5159DD561B1D3EF800C64AA0 /* Release */,
			);
			defaultConfigurationIsVisible = 0;
			defaultConfigurationName = Release;
		};
		5159DD571B1D3EF800C64AA0 /* Build configuration list for PBXNativeTarget "towerGameTests" */ = {
			isa = XCConfigurationList;
			buildConfigurations = (
				5159DD581B1D3EF800C64AA0 /* Debug */,
				5159DD591B1D3EF800C64AA0 /* Release */,
			);
			defaultConfigurationIsVisible = 0;
			defaultConfigurationName = Release;
		};
/* End XCConfigurationList section */
	};
	rootObject = 5159DD291B1D3EF800C64AA0 /* Project object */;
}
